
Microsoft Visual Studio Solution File, Format Version 12.00
# Visual Studio Version 16
VisualStudioVersion = 16.0.29102.190
MinimumVisualStudioVersion = 10.0.40219.1
Project("{FAE04EC0-301F-11D3-BF4B-00C04F79EFBC}") = "MRKTownOfSalem", "MRKTownOfSalem\MRKTownOfSalem.csproj", "{165ECA9A-4CAA-4568-B65B-3EB39DF72202}"
EndProject
Project("{FAE04EC0-301F-11D3-BF4B-00C04F79EFBC}") = "MRKTownOfSalemConsole", "MRKTownOfSalemConsole\MRKTownOfSalemConsole.csproj", "{02243F89-08FB-4365-A755-577C77515546}"
EndProject
Global
	GlobalSection(SolutionConfigurationPlatforms) = preSolution
		Debug|Any CPU = Debug|Any CPU
		Release|Any CPU = Release|Any CPU
	EndGlobalSection
	GlobalSection(ProjectConfigurationPlatforms) = postSolution
		{165ECA9A-4CAA-4568-B65B-3EB39DF72202}.Debug|Any CPU.ActiveCfg = Debug|Any CPU
		{165ECA9A-4CAA-4568-B65B-3EB39DF72202}.Debug|Any CPU.Build.0 = Debug|Any CPU
		{165ECA9A-4CAA-4568-B65B-3EB39DF72202}.Release|Any CPU.ActiveCfg = Release|Any CPU
		{165ECA9A-4CAA-4568-B65B-3EB39DF72202}.Release|Any CPU.Build.0 = Release|Any CPU
		{02243F89-08FB-4365-A755-577C77515546}.Debug|Any CPU.ActiveCfg = Debug|Any CPU
		{02243F89-08FB-4365-A755-577C77515546}.Debug|Any CPU.Build.0 = Debug|Any CPU
		{02243F89-08FB-4365-A755-577C77515546}.Release|Any CPU.ActiveCfg = Release|Any CPU
		{02243F89-08FB-4365-A755-577C77515546}.Release|Any CPU.Build.0 = Release|Any CPU
	EndGlobalSection
	GlobalSection(SolutionProperties) = preSolution
		HideSolutionNode = FALSE
	EndGlobalSection
	GlobalSection(ExtensibilityGlobals) = postSolution
		SolutionGuid = {79EFEEF8-65EC-4DCD-A94B-A80744DBA92B}
	EndGlobalSection
EndGlobal
